{
    "requires": true,
    "lockfileVersion": 1,
    "dependencies": {
        "bulma-dashboard": {
            "version": "0.1.40",
            "resolved": "https://registry.npmjs.org/bulma-dashboard/-/bulma-dashboard-0.1.40.tgz",
            "integrity": "sha512-BkiGvhShPQx3ww3WnfH38OrTEr7s5qUmxfmiX5GZTee18gDXAU5imhBY9wJ6mzXq+tMBsa+PsLBheKggb9Llkw=="
        }
    }
}
